{
  "name": "native_node_modules",
  "version": "1.0.0",
  "lockfileVersion": 1,
  "requires": true,
  "dependencies": {
    "binding": {
      "version": "3.0.3",
      "resolved": "https://registry.npmjs.org/binding/-/binding-3.0.3.tgz",
      "integrity": "sha1-Zc06XJkhArlGzcHj0EIo6gf4Rm0="
    },
    "bindings": {
      "version": "1.3.0",
      "resolved": "https://registry.npmjs.org/bindings/-/bindings-1.3.0.tgz",
      "integrity": "sha512-DpLh5EzMR2kzvX1KIlVC0VkC3iZtHKTgdtZ0a3pglBZdaQFjt5S9g9xd1lE+YvXyfd6mtCeRnrUfOLYiTMlNSw=="
    }
  }
}
